hash: 0367d5bfe960f3a05cb61de85f7ed8d8937cbf51c45460035ff9811b43e4d2fc
updated: 2016-02-11T17:22:27.865222536-08:00
imports:
- name: github.com/quickfixgo/quickfix
  version: 8afaa4bedc8557ecc22119ee92ab0a592a140528
  subpackages:
  - enum
  - field
  - fix40/executionreport
  - fix40/newordersingle
  - fix41/executionreport
  - fix41/newordersingle
  - fix42/executionreport
  - fix42/newordersingle
  - fix43/executionreport
  - fix43/newordersingle
  - fix44/executionreport
  - fix44/newordersingle
  - fix50/executionreport
  - fix50/newordersingle
  - tag
devImports: []
