github.com/davecgh/go-spew v1.1.0 h1:ZDRjVQ15GmhC3fiQ8ni8+OwkZQO4DARzQgrnXU1Liz8=
github.com/davecgh/go-spew v1.1.0/go.mod h1:J7Y8YcW2NihsgmVo/mv3lAwl/skON4iLHjSsI+c5H38=
github.com/globalsign/mgo v0.0.0-20181015135952-eeefdecb41b8 h1:DujepqpGd1hyOd7aW59XpK7Qymp8iy83xq74fLr21is=
github.com/globalsign/mgo v0.0.0-20181015135952-eeefdecb41b8/go.mod h1:xkRDCp4j0OGD1HRkm4kmhM+pmpv3AKq5SU7GMg4oO/Q=
github.com/kr/pretty v0.1.0 h1:L/CwN0zerZDmRFUapSPitk6f+Q3+0za1rQkzVuMiMFI=
github.com/kr/pretty v0.1.0/go.mod h1:dAy3ld7l9f0ibDNOQOHHMYYIIbhfbHSm3C4ZsoJORNo=
github.com/kr/pty v1.1.1/go.mod h1:pFQYn66WHrOpPYNljwOMqo10TkYh1fy3cYio2l3bCsQ=
github.com/kr/text v0.1.0 h1:45sCR5RtlFHMR4UwH9sdQ5TC8v0qDQCHnXt+kaKSTVE=
github.com/kr/text v0.1.0/go.mod h1:4Jbv+DJW3UT/LiOwJeYQe1efqtUx/iVham/4vfdArNI=
github.com/mattn/go-sqlite3 v1.11.0 h1:LDdKkqtYlom37fkvqs8rMPFKAMe8+SgjbwZ6ex1/A/Q=
github.com/mattn/go-sqlite3 v1.11.0/go.mod h1:FPy6KqzDD04eiIsT53CuJW3U88zkxoIYsOqkbpncsNc=
github.com/pmezard/go-difflib v1.0.0 h1:4DBwDE0NGyQoBHbLQYPwSUPoCMWR5BEzIk/f1lZbAQM=
github.com/pmezard/go-difflib v1.0.0/go.mod h1:iKH77koFhYxTK1pcRnkKkqfTogsbg7gZNVY4sRDYZ/4=
github.com/quickfixgo/enum v0.0.0-20171007195659-2cbed3730c3e h1:wRd/InvIlulM/I/0banUdkKp1G9IO9GXomKr0BVofGI=
github.com/quickfixgo/enum v0.0.0-20171007195659-2cbed3730c3e/go.mod h1:QBx6QcT5glpRHhqH7ZqHtm1MymDdN5A6IC48j34hjAA=
github.com/quickfixgo/field v0.0.0-20171007195410-74cea5ec78c7 h1:a/qsvkJNoj1vcSFTzgLqNcwTRuiM1VjchoRjDOIMNyY=
github.com/quickfixgo/field v0.0.0-20171007195410-74cea5ec78c7/go.mod h1:7kiKeQwJLOrwVXqvt2GAnk4vOH0jErrB3qO6SERmq7c=
github.com/quickfixgo/fix40 v0.0.0-20171007200002-cce875b2c2e7 h1:csHnaP2l65lrchDUvpk2LbA7BF23wsl4aqFqGVX8r10=
github.com/quickfixgo/fix40 v0.0.0-20171007200002-cce875b2c2e7/go.mod h1:RC0yl+6EULF8t40eFen3UdouFVdZu1uVwMsk7O/6i5s=
github.com/quickfixgo/fix41 v0.0.0-20171007212429-b272ca343ed2 h1:dofXBfr8IrzTXvHyu0gV9KIgzBzjVyBd5rmxERw50rE=
github.com/quickfixgo/fix41 v0.0.0-20171007212429-b272ca343ed2/go.mod h1:2CARkVxpb7YV3Ib6qRjI2UFzvlIyhP0lx/nN6GDoZ7w=
github.com/quickfixgo/fix42 v0.0.0-20171007212724-86a4567f1c77 h1:mD360ECTwAK4jbOIrqAH2MdJF3RrH5KuboFNdxSmIDM=
github.com/quickfixgo/fix42 v0.0.0-20171007212724-86a4567f1c77/go.mod h1:RyVaOPb/+NasHAt2e5UJ9PjXT+5AeqyKZfNPOB4UspE=
github.com/quickfixgo/fix43 v0.0.0-20171007213001-a7ff4f2a2470 h1:1bkIwYMs5XrjvKouIiqn2Iiw46XKcNTS1as9hCZqnMg=
github.com/quickfixgo/fix43 v0.0.0-20171007213001-a7ff4f2a2470/go.mod h1:qpAUIIjRXEQRtuMpJolR+8VkDajoU8J7Iw55Gnwm15s=
github.com/quickfixgo/fix44 v0.0.0-20171007213039-f090a1006218 h1:zrm7CRhis2ArB/xjOj0EQJOuHq5fI0JpS4AILtjwUug=
github.com/quickfixgo/fix44 v0.0.0-20171007213039-f090a1006218/go.mod h1:KFN4LkI1sidKgWnUvmpDdvsa+aNvcbExtS8iPQvA9ys=
github.com/quickfixgo/fix50 v0.0.0-20171007213247-d09e70735b64 h1:h5XDUGtA46x9WVufC35j1864nmHwGQHmeIVjB8lizaE=
github.com/quickfixgo/fix50 v0.0.0-20171007213247-d09e70735b64/go.mod h1:3vDazktlPMaG/aB3FLKjIXtqUE9YNJlmcYvhQpdDVkU=
github.com/quickfixgo/fixt11 v0.0.0-20171007213433-d9788ca97f5d h1:PlymcwOkKZXnOI3uJZu0lpnvnweTkML9YxnTuYhhzIM=
github.com/quickfixgo/fixt11 v0.0.0-20171007213433-d9788ca97f5d/go.mod h1:/oN4Arv+/8zKshQTj+ggpWfjXuVv9bMUO93zOO6R+oM=
github.com/quickfixgo/quickfix v0.6.1-0.20190718201950-819c58d51b95 h1:csOsA0SMLpGQxEgAH6fFjdAU/R12PMQJNmcDDKsR69Y=
github.com/quickfixgo/quickfix v0.6.1-0.20190718201950-819c58d51b95/go.mod h1:RuN5MIPnzolPNDYibgBXHhgMoTEjjPzcCN3rLFcODS4=
github.com/quickfixgo/tag v0.0.0-20171007194743-cbb465760521 h1:RXfjXtjvXb4wgzBHTTFbyW5uBP04Nrlky9e9lAe8mIE=
github.com/quickfixgo/tag v0.0.0-20171007194743-cbb465760521/go.mod h1:EKAI2kkSaIuSywW0WbIgXIcuA9vS4IXfCga9U9Oax2E=
github.com/shopspring/decimal v0.0.0-20180709203117-cd690d0c9e24 h1:pntxY8Ary0t43dCZ5dqY4YTJCObLY1kIXl0uzMv+7DE=
github.com/shopspring/decimal v0.0.0-20180709203117-cd690d0c9e24/go.mod h1:M+9NzErvs504Cn4c5DxATwIqPbtswREoFCre64PpcG4=
github.com/stretchr/objx v0.1.0 h1:4G4v2dO3VZwixGIRoQ5Lfboy6nUhCyYzaqnIAPPhYs4=
github.com/stretchr/objx v0.1.0/go.mod h1:HFkY916IF+rwdDfMAkV7OtwuqBVzrE8GR6GFx+wExME=
github.com/stretchr/testify v1.4.0 h1:2E4SXV/wtOkTonXsotYi4li6zVWxYlZuYNCXe9XRJyk=
github.com/stretchr/testify v1.4.0/go.mod h1:j7eGeouHqKxXV5pUuKE4zz7dFj8WfuZ+81PSLYec5m4=
golang.org/x/crypto v0.0.0-20190308221718-c2843e01d9a2/go.mod h1:djNgcEr1/C05ACkg1iLfiJU5Ep61QUkGW8qpdssI0+w=
golang.org/x/net v0.0.0-20190813141303-74dc4d7220e7 h1:fHDIZ2oxGnUZRN6WgWFCbYBjH9uqVPRCUVUDhs0wnbA=
golang.org/x/net v0.0.0-20190813141303-74dc4d7220e7/go.mod h1:z5CRVTTTmAJ677TzLLGU+0bjPO0LkuOLi4/5GtJWs/s=
golang.org/x/sys v0.0.0-20190215142949-d0b11bdaac8a/go.mod h1:STP8DvDyc/dI5b8T5hshtkjS+E42TnysNCUPdjciGhY=
golang.org/x/text v0.3.0/go.mod h1:NqM8EUOU14njkJ3fqMW+pc6Ldnwhi/IjpwHt7yyuwOQ=
gopkg.in/check.v1 v0.0.0-20161208181325-20d25e280405/go.mod h1:Co6ibVJAznAaIkqp8huTwlJQCZ016jof/cbN4VW5Yz0=
gopkg.in/check.v1 v1.0.0-20190902080502-41f04d3bba15 h1:YR8cESwS4TdDjEe65xsg0ogRM/Nc3DYOhEAlW+xobZo=
gopkg.in/check.v1 v1.0.0-20190902080502-41f04d3bba15/go.mod h1:Co6ibVJAznAaIkqp8huTwlJQCZ016jof/cbN4VW5Yz0=
gopkg.in/yaml.v2 v2.2.2 h1:ZCJp+EgiOT7lHqUV2J862kp8Qj64Jo6az82+3Td9dZw=
gopkg.in/yaml.v2 v2.2.2/go.mod h1:hI93XBmqTisBFMUTm0b8Fm+jr3Dg1NNxqwp+5A1VGuI=
