# This file is autogenerated, do not edit; changes may be undone by the next 'dep ensure'.


[[projects]]
  branch = "master"
  name = "github.com/quickfixgo/enum"
  packages = ["."]
  revision = "6f7d7044e7b9c208e831839bb6e785156733c656"

[[projects]]
  branch = "master"
  name = "github.com/quickfixgo/field"
  packages = ["."]
  revision = "9a80eadddd16bb2799c5878b753d8f2ad1371694"

[[projects]]
  branch = "master"
  name = "github.com/quickfixgo/fix40"
  packages = [".","executionreport","newordersingle","ordercancelrequest"]
  revision = "e067782c1aa4bb0ab0819b19348ef888ea26acb7"

[[projects]]
  branch = "master"
  name = "github.com/quickfixgo/fix41"
  packages = [".","executionreport","newordersingle","ordercancelrequest"]
  revision = "7c62df84c7a215524a9f8292ea1d06923eeacb6c"

[[projects]]
  branch = "master"
  name = "github.com/quickfixgo/fix42"
  packages = [".","executionreport","marketdatarequest","newordersingle","ordercancelrequest"]
  revision = "0524454fdb3ffb4052b040aacbb9579021dec912"

[[projects]]
  branch = "master"
  name = "github.com/quickfixgo/fix43"
  packages = [".","executionreport","marketdatarequest","newordersingle","ordercancelrequest"]
  revision = "68f15729340433303ea787c3b18f51a3d7db6b2c"

[[projects]]
  branch = "master"
  name = "github.com/quickfixgo/fix44"
  packages = [".","executionreport","marketdatarequest","newordersingle","ordercancelrequest"]
  revision = "4018d8b3e12a1056ecc21442df29c8dd940ff567"

[[projects]]
  branch = "master"
  name = "github.com/quickfixgo/fix50"
  packages = ["executionreport","marketdatarequest","newordersingle","ordercancelrequest"]
  revision = "8edfb1517a2213fcaba5b15c447aa64edcb43ed2"

[[projects]]
  branch = "master"
  name = "github.com/quickfixgo/fixt11"
  packages = ["."]
  revision = "943f69cfc9d27b7b3423014673f5d7c90f63e79f"

[[projects]]
  branch = "master"
  name = "github.com/quickfixgo/quickfix"
  packages = [".","config","datadictionary","internal"]
  revision = "d202ca98b53283d304d787bda0d782969c25d0cb"

[[projects]]
  branch = "master"
  name = "github.com/quickfixgo/tag"
  packages = ["."]
  revision = "97164cfff31adf3f70978a76daafcce13e8288af"

[[projects]]
  branch = "master"
  name = "github.com/shopspring/decimal"
  packages = ["."]
  revision = "aed1bfe463fa3c9cc268d60dcc1491db613bff7e"

[solve-meta]
  analyzer-name = "dep"
  analyzer-version = 1
  inputs-digest = "25e2fa23e613a129e477e79c65f944eea851770902d3eb115d1d02e3317817c9"
  solver-name = "gps-cdcl"
  solver-version = 1
